// !$*UTF8*$!
{
	archiveVersion = 1;
	classes = {
	};
	objectVersion = 77;
	objects = {

/* Begin PBXContainerItemProxy section */
		FE829E812CF4D9F7005588D5 /* PBXContainerItemProxy */ = {
			isa = PBXContainerItemProxy;
			containerPortal = FE829E682CF4D9F5005588D5 /* Project object */;
			proxyType = 1;
			remoteGlobalIDString = FE829E6F2CF4D9F5005588D5;
			remoteInfo = ProyectoHackatlon;
		};
		FE829E8B2CF4D9F7005588D5 /* PBXContainerItemProxy */ = {
			isa = PBXContainerItemProxy;
			containerPortal = FE829E682CF4D9F5005588D5 /* Project object */;
			proxyType = 1;
			remoteGlobalIDString = FE829E6F2CF4D9F5005588D5;
			remoteInfo = ProyectoHackatlon;
		};
/* End PBXContainerItemProxy section */

/* Begin PBXFileReference section */
		FE829E702CF4D9F5005588D5 /* ProyectoHackatlon.app */ = {isa = PBXFileReference; explicitFileType = wrapper.application; includeInIndex = 0; path = ProyectoHackatlon.app; sourceTree = BUILT_PRODUCTS_DIR; };
		FE829E802CF4D9F7005588D5 /* ProyectoHackatlonTests.xctest */ = {isa = PBXFileReference; explicitFileType = wrapper.cfbundle; includeInIndex = 0; path = ProyectoHackatlonTests.xctest; sourceTree = BUILT_PRODUCTS_DIR; };
		FE829E8A2CF4D9F7005588D5 /* ProyectoHackatlonUITests.xctest */ = {isa = PBXFileReference; explicitFileType = wrapper.cfbundle; includeInIndex = 0; path = ProyectoHackatlonUITests.xctest; sourceTree = BUILT_PRODUCTS_DIR; };
/* End PBXFileReference section */

/* Begin PBXFileSystemSynchronizedRootGroup section */
		FE829E722CF4D9F5005588D5 /* ProyectoHackatlon */ = {
			isa = PBXFileSystemSynchronizedRootGroup;
			path = ProyectoHackatlon;
			sourceTree = "<group>";
		};
		FE829E832CF4D9F7005588D5 /* ProyectoHackatlonTests */ = {
			isa = PBXFileSystemSynchronizedRootGroup;
			path = ProyectoHackatlonTests;
			sourceTree = "<group>";
		};
		FE829E8D2CF4D9F7005588D5 /* ProyectoHackatlonUITests */ = {
			isa = PBXFileSystemSynchronizedRootGroup;
			path = ProyectoHackatlonUITests;
			sourceTree = "<group>";
		};
/* End PBXFileSystemSynchronizedRootGroup section */

/* Begin PBXFrameworksBuildPhase section */
		FE829E6D2CF4D9F5005588D5 /* Frameworks */ = {
			isa = PBXFrameworksBuildPhase;
			buildActionMask = 2147483647;
			files = (
			);
			runOnlyForDeploymentPostprocessing = 0;
		};
		FE829E7D2CF4D9F7005588D5 /* Frameworks */ = {
			isa = PBXFrameworksBuildPhase;
			buildActionMask = 2147483647;
			files = (
			);
			runOnlyForDeploymentPostprocessing = 0;
		};
		FE829E872CF4D9F7005588D5 /* Frameworks */ = {
			isa = PBXFrameworksBuildPhase;
			buildActionMask = 2147483647;
			files = (
			);
			runOnlyForDeploymentPostprocessing = 0;
		};
/* End PBXFrameworksBuildPhase section */

/* Begin PBXGroup section */
		FE829E672CF4D9F5005588D5 = {
			isa = PBXGroup;
			children = (
				FE829E722CF4D9F5005588D5 /* ProyectoHackatlon */,
				FE829E832CF4D9F7005588D5 /* ProyectoHackatlonTests */,
				FE829E8D2CF4D9F7005588D5 /* ProyectoHackatlonUITests */,
				FE829E712CF4D9F5005588D5 /* Products */,
			);
			sourceTree = "<group>";
		};
		FE829E712CF4D9F5005588D5 /* Products */ = {
			isa = PBXGroup;
			children = (
				FE829E702CF4D9F5005588D5 /* ProyectoHackatlon.app */,
				FE829E802CF4D9F7005588D5 /* ProyectoHackatlonTests.xctest */,
				FE829E8A2CF4D9F7005588D5 /* ProyectoHackatlonUITests.xctest */,
			);
			name = Products;
			sourceTree = "<group>";
		};
/* End PBXGroup section */

/* Begin PBXNativeTarget section */
		FE829E6F2CF4D9F5005588D5 /* ProyectoHackatlon */ = {
			isa = PBXNativeTarget;
			buildConfigurationList = FE829E942CF4D9F7005588D5 /* Build configuration list for PBXNativeTarget "ProyectoHackatlon" */;
			buildPhases = (
				FE829E6C2CF4D9F5005588D5 /* Sources */,
				FE829E6D2CF4D9F5005588D5 /* Frameworks */,
				FE829E6E2CF4D9F5005588D5 /* Resources */,
			);
			buildRules = (
			);
			dependencies = (
			);
			fileSystemSynchronizedGroups = (
				FE829E722CF4D9F5005588D5 /* ProyectoHackatlon */,
			);
			name = ProyectoHackatlon;
			packageProductDependencies = (
			);
			productName = ProyectoHackatlon;
			productReference = FE829E702CF4D9F5005588D5 /* ProyectoHackatlon.app */;
			productType = "com.apple.product-type.application";
		};
		FE829E7F2CF4D9F7005588D5 /* ProyectoHackatlonTests */ = {
			isa = PBXNativeTarget;
			buildConfigurationList = FE829E972CF4D9F7005588D5 /* Build configuration list for PBXNativeTarget "ProyectoHackatlonTests" */;
			buildPhases = (
				FE829E7C2CF4D9F7005588D5 /* Sources */,
				FE829E7D2CF4D9F7005588D5 /* Frameworks */,
				FE829E7E2CF4D9F7005588D5 /* Resources */,
			);
			buildRules = (
			);
			dependencies = (
				FE829E822CF4D9F7005588D5 /* PBXTargetDependency */,
			);
			fileSystemSynchronizedGroups = (
				FE829E832CF4D9F7005588D5 /* ProyectoHackatlonTests */,
			);
			name = ProyectoHackatlonTests;
			packageProductDependencies = (
			);
			productName = ProyectoHackatlonTests;
			productReference = FE829E802CF4D9F7005588D5 /* ProyectoHackatlonTests.xctest */;
			productType = "com.apple.product-type.bundle.unit-test";
		};
		FE829E892CF4D9F7005588D5 /* ProyectoHackatlonUITests */ = {
			isa = PBXNativeTarget;
			buildConfigurationList = FE829E9A2CF4D9F7005588D5 /* Build configuration list for PBXNativeTarget "ProyectoHackatlonUITests" */;
			buildPhases = (
				FE829E862CF4D9F7005588D5 /* Sources */,
				FE829E872CF4D9F7005588D5 /* Frameworks */,
				FE829E882CF4D9F7005588D5 /* Resources */,
			);
			buildRules = (
			);
			dependencies = (
				FE829E8C2CF4D9F7005588D5 /* PBXTargetDependency */,
			);
			fileSystemSynchronizedGroups = (
				FE829E8D2CF4D9F7005588D5 /* ProyectoHackatlonUITests */,
			);
			name = ProyectoHackatlonUITests;
			packageProductDependencies = (
			);
			productName = ProyectoHackatlonUITests;
			productReference = FE829E8A2CF4D9F7005588D5 /* ProyectoHackatlonUITests.xctest */;
			productType = "com.apple.product-type.bundle.ui-testing";
		};
/* End PBXNativeTarget section */

/* Begin PBXProject section */
		FE829E682CF4D9F5005588D5 /* Project object */ = {
			isa = PBXProject;
			attributes = {
				BuildIndependentTargetsInParallel = 1;
				LastSwiftUpdateCheck = 1610;
				LastUpgradeCheck = 1610;
				TargetAttributes = {
					FE829E6F2CF4D9F5005588D5 = {
						CreatedOnToolsVersion = 16.1;
					};
					FE829E7F2CF4D9F7005588D5 = {
						CreatedOnToolsVersion = 16.1;
						TestTargetID = FE829E6F2CF4D9F5005588D5;
					};
					FE829E892CF4D9F7005588D5 = {
						CreatedOnToolsVersion = 16.1;
						TestTargetID = FE829E6F2CF4D9F5005588D5;
					};
				};
			};
			buildConfigurationList = FE829E6B2CF4D9F5005588D5 /* Build configuration list for PBXProject "ProyectoHackatlon" */;
			developmentRegion = en;
			hasScannedForEncodings = 0;
			knownRegions = (
				en,
				Base,
			);
			mainGroup = FE829E672CF4D9F5005588D5;
			minimizedProjectReferenceProxies = 1;
			preferredProjectObjectVersion = 77;
			productRefGroup = FE829E712CF4D9F5005588D5 /* Products */;
			projectDirPath = "";
			projectRoot = "";
			targets = (
				FE829E6F2CF4D9F5005588D5 /* ProyectoHackatlon */,
				FE829E7F2CF4D9F7005588D5 /* ProyectoHackatlonTests */,
				FE829E892CF4D9F7005588D5 /* ProyectoHackatlonUITests */,
			);
		};
/* End PBXProject section */

/* Begin PBXResourcesBuildPhase section */
		FE829E6E2CF4D9F5005588D5 /* Resources */ = {
			isa = PBXResourcesBuildPhase;
			buildActionMask = 2147483647;
			files = (
			);
			runOnlyForDeploymentPostprocessing = 0;
		};
		FE829E7E2CF4D9F7005588D5 /* Resources */ = {
			isa = PBXResourcesBuildPhase;
			buildActionMask = 2147483647;
			files = (
			);
			runOnlyForDeploymentPostprocessing = 0;
		};
		FE829E882CF4D9F7005588D5 /* Resources */ = {
			isa = PBXResourcesBuildPhase;
			buildActionMask = 2147483647;
			files = (
			);
			runOnlyForDeploymentPostprocessing = 0;
		};
/* End PBXResourcesBuildPhase section */

/* Begin PBXSourcesBuildPhase section */
		FE829E6C2CF4D9F5005588D5 /* Sources */ = {
			isa = PBXSourcesBuildPhase;
			buildActionMask = 2147483647;
			files = (
			);
			runOnlyForDeploymentPostprocessing = 0;
		};
		FE829E7C2CF4D9F7005588D5 /* Sources */ = {
			isa = PBXSourcesBuildPhase;
			buildActionMask = 2147483647;
			files = (
			);
			runOnlyForDeploymentPostprocessing = 0;
		};
		FE829E862CF4D9F7005588D5 /* Sources */ = {
			isa = PBXSourcesBuildPhase;
			buildActionMask = 2147483647;
			files = (
			);
			runOnlyForDeploymentPostprocessing = 0;
		};
/* End PBXSourcesBuildPhase section */

/* Begin PBXTargetDependency section */
		FE829E822CF4D9F7005588D5 /* PBXTargetDependency */ = {
			isa = PBXTargetDependency;
			target = FE829E6F2CF4D9F5005588D5 /* ProyectoHackatlon */;
			targetProxy = FE829E812CF4D9F7005588D5 /* PBXContainerItemProxy */;
		};
		FE829E8C2CF4D9F7005588D5 /* PBXTargetDependency */ = {
			isa = PBXTargetDependency;
			target = FE829E6F2CF4D9F5005588D5 /* ProyectoHackatlon */;
			targetProxy = FE829E8B2CF4D9F7005588D5 /* PBXContainerItemProxy */;
		};
/* End PBXTargetDependency section */

/* Begin XCBuildConfiguration section */
		FE829E922CF4D9F7005588D5 /* Debug */ = {
			isa = XCBuildConfiguration;
			buildSettings = {
				ALWAYS_SEARCH_USER_PATHS = NO;
				ASSETCATALOG_COMPILER_GENERATE_SWIFT_ASSET_SYMBOL_EXTENSIONS = YES;
				CLANG_ANALYZER_NONNULL = YES;
				CLANG_ANALYZER_NUMBER_OBJECT_CONVERSION = YES_AGGRESSIVE;
				CLANG_CXX_LANGUAGE_STANDARD = "gnu++20";
				CLANG_ENABLE_MODULES = YES;
				CLANG_ENABLE_OBJC_ARC = YES;
				CLANG_ENABLE_OBJC_WEAK = YES;
				CLANG_WARN_BLOCK_CAPTURE_AUTORELEASING = YES;
				CLANG_WARN_BOOL_CONVERSION = YES;
				CLANG_WARN_COMMA = YES;
				CLANG_WARN_CONSTANT_CONVERSION = YES;
				CLANG_WARN_DEPRECATED_OBJC_IMPLEMENTATIONS = YES;
				CLANG_WARN_DIRECT_OBJC_ISA_USAGE = YES_ERROR;
				CLANG_WARN_DOCUMENTATION_COMMENTS = YES;
				CLANG_WARN_EMPTY_BODY = YES;
				CLANG_WARN_ENUM_CONVERSION = YES;
				CLANG_WARN_INFINITE_RECURSION = YES;
				CLANG_WARN_INT_CONVERSION = YES;
				CLANG_WARN_NON_LITERAL_NULL_CONVERSION = YES;
				CLANG_WARN_OBJC_IMPLICIT_RETAIN_SELF = YES;
				CLANG_WARN_OBJC_LITERAL_CONVERSION = YES;
				CLANG_WARN_OBJC_ROOT_CLASS = YES_ERROR;
				CLANG_WARN_QUOTED_INCLUDE_IN_FRAMEWORK_HEADER = YES;
				CLANG_WARN_RANGE_LOOP_ANALYSIS = YES;
				CLANG_WARN_STRICT_PROTOTYPES = YES;
				CLANG_WARN_SUSPICIOUS_MOVE = YES;
				CLANG_WARN_UNGUARDED_AVAILABILITY = YES_AGGRESSIVE;
				CLANG_WARN_UNREACHABLE_CODE = YES;
				CLANG_WARN__DUPLICATE_METHOD_MATCH = YES;
				COPY_PHASE_STRIP = NO;
				DEBUG_INFORMATION_FORMAT = dwarf;
				ENABLE_STRICT_OBJC_MSGSEND = YES;
				ENABLE_TESTABILITY = YES;
				ENABLE_USER_SCRIPT_SANDBOXING = YES;
				GCC_C_LANGUAGE_STANDARD = gnu17;
				GCC_DYNAMIC_NO_PIC = NO;
				GCC_NO_COMMON_BLOCKS = YES;
				GCC_OPTIMIZATION_LEVEL = 0;
				GCC_PREPROCESSOR_DEFINITIONS = (
					"DEBUG=1",
					"$(inherited)",
				);
				GCC_WARN_64_TO_32_BIT_CONVERSION = YES;
				GCC_WARN_ABOUT_RETURN_TYPE = YES_ERROR;
				GCC_WARN_UNDECLARED_SELECTOR = YES;
				GCC_WARN_UNINITIALIZED_AUTOS = YES_AGGRESSIVE;
				GCC_WARN_UNUSED_FUNCTION = YES;
				GCC_WARN_UNUSED_VARIABLE = YES;
				IPHONEOS_DEPLOYMENT_TARGET = 18.1;
				LOCALIZATION_PREFERS_STRING_CATALOGS = YES;
				MTL_ENABLE_DEBUG_INFO = INCLUDE_SOURCE;
				MTL_FAST_MATH = YES;
				ONLY_ACTIVE_ARCH = YES;
				SDKROOT = iphoneos;
				SWIFT_ACTIVE_COMPILATION_CONDITIONS = "DEBUG $(inherited)";
				SWIFT_OPTIMIZATION_LEVEL = "-Onone";
			};
			name = Debug;
		};
		FE829E932CF4D9F7005588D5 /* Release */ = {
			isa = XCBuildConfiguration;
			buildSettings = {
				ALWAYS_SEARCH_USER_PATHS = NO;
				ASSETCATALOG_COMPILER_GENERATE_SWIFT_ASSET_SYMBOL_EXTENSIONS = YES;
				CLANG_ANALYZER_NONNULL = YES;
				CLANG_ANALYZER_NUMBER_OBJECT_CONVERSION = YES_AGGRESSIVE;
				CLANG_CXX_LANGUAGE_STANDARD = "gnu++20";
				CLANG_ENABLE_MODULES = YES;
				CLANG_ENABLE_OBJC_ARC = YES;
				CLANG_ENABLE_OBJC_WEAK = YES;
				CLANG_WARN_BLOCK_CAPTURE_AUTORELEASING = YES;
				CLANG_WARN_BOOL_CONVERSION = YES;
				CLANG_WARN_COMMA = YES;
				CLANG_WARN_CONSTANT_CONVERSION = YES;
				CLANG_WARN_DEPRECATED_OBJC_IMPLEMENTATIONS = YES;
				CLANG_WARN_DIRECT_OBJC_ISA_USAGE = YES_ERROR;
				CLANG_WARN_DOCUMENTATION_COMMENTS = YES;
				CLANG_WARN_EMPTY_BODY = YES;
				CLANG_WARN_ENUM_CONVERSION = YES;
				CLANG_WARN_INFINITE_RECURSION = YES;
				CLANG_WARN_INT_CONVERSION = YES;
				CLANG_WARN_NON_LITERAL_NULL_CONVERSION = YES;
				CLANG_WARN_OBJC_IMPLICIT_RETAIN_SELF = YES;
				CLANG_WARN_OBJC_LITERAL_CONVERSION = YES;
				CLANG_WARN_OBJC_ROOT_CLASS = YES_ERROR;
				CLANG_WARN_QUOTED_INCLUDE_IN_FRAMEWORK_HEADER = YES;
				CLANG_WARN_RANGE_LOOP_ANALYSIS = YES;
				CLANG_WARN_STRICT_PROTOTYPES = YES;
				CLANG_WARN_SUSPICIOUS_MOVE = YES;
				CLANG_WARN_UNGUARDED_AVAILABILITY = YES_AGGRESSIVE;
				CLANG_WARN_UNREACHABLE_CODE = YES;
				CLANG_WARN__DUPLICATE_METHOD_MATCH = YES;
				COPY_PHASE_STRIP = NO;
				DEBUG_INFORMATION_FORMAT = "dwarf-with-dsym";
				ENABLE_NS_ASSERTIONS = NO;
				ENABLE_STRICT_OBJC_MSGSEND = YES;
				ENABLE_USER_SCRIPT_SANDBOXING = YES;
				GCC_C_LANGUAGE_STANDARD = gnu17;
				GCC_NO_COMMON_BLOCKS = YES;
				GCC_WARN_64_TO_32_BIT_CONVERSION = YES;
				GCC_WARN_ABOUT_RETURN_TYPE = YES_ERROR;
				GCC_WARN_UNDECLARED_SELECTOR = YES;
				GCC_WARN_UNINITIALIZED_AUTOS = YES_AGGRESSIVE;
				GCC_WARN_UNUSED_FUNCTION = YES;
				GCC_WARN_UNUSED_VARIABLE = YES;
				IPHONEOS_DEPLOYMENT_TARGET = 18.1;
				LOCALIZATION_PREFERS_STRING_CATALOGS = YES;
				MTL_ENABLE_DEBUG_INFO = NO;
				MTL_FAST_MATH = YES;
				SDKROOT = iphoneos;
				SWIFT_COMPILATION_MODE = wholemodule;
				VALIDATE_PRODUCT = YES;
			};
			name = Release;
		};
		FE829E952CF4D9F7005588D5 /* Debug */ = {
			isa = XCBuildConfiguration;
			buildSettings = {
				ASSETCATALOG_COMPILER_APPICON_NAME = AppIcon;
				ASSETCATALOG_COMPILER_GLOBAL_ACCENT_COLOR_NAME = AccentColor;
				CODE_SIGN_STYLE = Automatic;
				CURRENT_PROJECT_VERSION = 1;
				DEVELOPMENT_ASSET_PATHS = "\"ProyectoHackatlon/Preview Content\"";
				ENABLE_PREVIEWS = YES;
				GENERATE_INFOPLIST_FILE = YES;
				INFOPLIST_KEY_UIApplicationSceneManifest_Generation = YES;
				INFOPLIST_KEY_UIApplicationSupportsIndirectInputEvents = YES;
				INFOPLIST_KEY_UILaunchScreen_Generation = YES;
				INFOPLIST_KEY_UISupportedInterfaceOrientations_iPad = "UIInterfaceOrientationPortrait UIInterfaceOrientationPortraitUpsideDown UIInterfaceOrientationLandscapeLeft UIInterfaceOrientationLandscapeRight";
				INFOPLIST_KEY_UISupportedInterfaceOrientations_iPhone = "UIInterfaceOrientationPortrait UIInterfaceOrientationLandscapeLeft UIInterfaceOrientationLandscapeRight";
				LD_RUNPATH_SEARCH_PATHS = (
					"$(inherited)",
					"@executable_path/Frameworks",
				);
				MARKETING_VERSION = 1.0;
				PRODUCT_BUNDLE_IDENTIFIER = edu.org.ProyectoHackatlon;
				PRODUCT_NAME = "$(TARGET_NAME)";
				SWIFT_EMIT_LOC_STRINGS = YES;
				SWIFT_VERSION = 5.0;
				TARGETED_DEVICE_FAMILY = "1,2";
			};
			name = Debug;
		};
		FE829E962CF4D9F7005588D5 /* Release */ = {
			isa = XCBuildConfiguration;
			buildSettings = {
				ASSETCATALOG_COMPILER_APPICON_NAME = AppIcon;
				ASSETCATALOG_COMPILER_GLOBAL_ACCENT_COLOR_NAME = AccentColor;
				CODE_SIGN_STYLE = Automatic;
				CURRENT_PROJECT_VERSION = 1;
				DEVELOPMENT_ASSET_PATHS = "\"ProyectoHackatlon/Preview Content\"";
				ENABLE_PREVIEWS = YES;
				GENERATE_INFOPLIST_FILE = YES;
				INFOPLIST_KEY_UIApplicationSceneManifest_Generation = YES;
				INFOPLIST_KEY_UIApplicationSupportsIndirectInputEvents = YES;
				INFOPLIST_KEY_UILaunchScreen_Generation = YES;
				INFOPLIST_KEY_UISupportedInterfaceOrientations_iPad = "UIInterfaceOrientationPortrait UIInterfaceOrientationPortraitUpsideDown UIInterfaceOrientationLandscapeLeft UIInterfaceOrientationLandscapeRight";
				INFOPLIST_KEY_UISupportedInterfaceOrientations_iPhone = "UIInterfaceOrientationPortrait UIInterfaceOrientationLandscapeLeft UIInterfaceOrientationLandscapeRight";
				LD_RUNPATH_SEARCH_PATHS = (
					"$(inherited)",
					"@executable_path/Frameworks",
				);
				MARKETING_VERSION = 1.0;
				PRODUCT_BUNDLE_IDENTIFIER = edu.org.ProyectoHackatlon;
				PRODUCT_NAME = "$(TARGET_NAME)";
				SWIFT_EMIT_LOC_STRINGS = YES;
				SWIFT_VERSION = 5.0;
				TARGETED_DEVICE_FAMILY = "1,2";
			};
			name = Release;
		};
		FE829E982CF4D9F7005588D5 /* Debug */ = {
			isa = XCBuildConfiguration;
			buildSettings = {
				BUNDLE_LOADER = "$(TEST_HOST)";
				CODE_SIGN_STYLE = Automatic;
				CURRENT_PROJECT_VERSION = 1;
				GENERATE_INFOPLIST_FILE = YES;
				IPHONEOS_DEPLOYMENT_TARGET = 18.1;
				MARKETING_VERSION = 1.0;
				PRODUCT_BUNDLE_IDENTIFIER = edu.org.ProyectoHackatlonTests;
				PRODUCT_NAME = "$(TARGET_NAME)";
				SWIFT_EMIT_LOC_STRINGS = NO;
				SWIFT_VERSION = 5.0;
				TARGETED_DEVICE_FAMILY = "1,2";
				TEST_HOST = "$(BUILT_PRODUCTS_DIR)/ProyectoHackatlon.app/$(BUNDLE_EXECUTABLE_FOLDER_PATH)/ProyectoHackatlon";
			};
			name = Debug;
		};
		FE829E992CF4D9F7005588D5 /* Release */ = {
			isa = XCBuildConfiguration;
			buildSettings = {
				BUNDLE_LOADER = "$(TEST_HOST)";
				CODE_SIGN_STYLE = Automatic;
				CURRENT_PROJECT_VERSION = 1;
				GENERATE_INFOPLIST_FILE = YES;
				IPHONEOS_DEPLOYMENT_TARGET = 18.1;
				MARKETING_VERSION = 1.0;
				PRODUCT_BUNDLE_IDENTIFIER = edu.org.ProyectoHackatlonTests;
				PRODUCT_NAME = "$(TARGET_NAME)";
				SWIFT_EMIT_LOC_STRINGS = NO;
				SWIFT_VERSION = 5.0;
				TARGETED_DEVICE_FAMILY = "1,2";
				TEST_HOST = "$(BUILT_PRODUCTS_DIR)/ProyectoHackatlon.app/$(BUNDLE_EXECUTABLE_FOLDER_PATH)/ProyectoHackatlon";
			};
			name = Release;
		};
		FE829E9B2CF4D9F7005588D5 /* Debug */ = {
			isa = XCBuildConfiguration;
			buildSettings = {
				CODE_SIGN_STYLE = Automatic;
				CURRENT_PROJECT_VERSION = 1;
				GENERATE_INFOPLIST_FILE = YES;
				MARKETING_VERSION = 1.0;
				PRODUCT_BUNDLE_IDENTIFIER = edu.org.ProyectoHackatlonUITests;
				PRODUCT_NAME = "$(TARGET_NAME)";
				SWIFT_EMIT_LOC_STRINGS = NO;
				SWIFT_VERSION = 5.0;
				TARGETED_DEVICE_FAMILY = "1,2";
				TEST_TARGET_NAME = ProyectoHackatlon;
			};
			name = Debug;
		};
		FE829E9C2CF4D9F7005588D5 /* Release */ = {
			isa = XCBuildConfiguration;
			buildSettings = {
				CODE_SIGN_STYLE = Automatic;
				CURRENT_PROJECT_VERSION = 1;
				GENERATE_INFOPLIST_FILE = YES;
				MARKETING_VERSION = 1.0;
				PRODUCT_BUNDLE_IDENTIFIER = edu.org.ProyectoHackatlonUITests;
				PRODUCT_NAME = "$(TARGET_NAME)";
				SWIFT_EMIT_LOC_STRINGS = NO;
				SWIFT_VERSION = 5.0;
				TARGETED_DEVICE_FAMILY = "1,2";
				TEST_TARGET_NAME = ProyectoHackatlon;
			};
			name = Release;
		};
/* End XCBuildConfiguration section */

/* Begin XCConfigurationList section */
		FE829E6B2CF4D9F5005588D5 /* Build configuration list for PBXProject "ProyectoHackatlon" */ = {
			isa = XCConfigurationList;
			buildConfigurations = (
				FE829E922CF4D9F7005588D5 /* Debug */,
				FE829E932CF4D9F7005588D5 /* Release */,
			);
			defaultConfigurationIsVisible = 0;
			defaultConfigurationName = Release;
		};
		FE829E942CF4D9F7005588D5 /* Build configuration list for PBXNativeTarget "ProyectoHackatlon" */ = {
			isa = XCConfigurationList;
			buildConfigurations = (
				FE829E952CF4D9F7005588D5 /* Debug */,
				FE829E962CF4D9F7005588D5 /* Release */,
			);
			defaultConfigurationIsVisible = 0;
			defaultConfigurationName = Release;
		};
		FE829E972CF4D9F7005588D5 /* Build configuration list for PBXNativeTarget "ProyectoHackatlonTests" */ = {
			isa = XCConfigurationList;
			buildConfigurations = (
				FE829E982CF4D9F7005588D5 /* Debug */,
				FE829E992CF4D9F7005588D5 /* Release */,
			);
			defaultConfigurationIsVisible = 0;
			defaultConfigurationName = Release;
		};
		FE829E9A2CF4D9F7005588D5 /* Build configuration list for PBXNativeTarget "ProyectoHackatlonUITests" */ = {
			isa = XCConfigurationList;
			buildConfigurations = (
				FE829E9B2CF4D9F7005588D5 /* Debug */,
				FE829E9C2CF4D9F7005588D5 /* Release */,
			);
			defaultConfigurationIsVisible = 0;
			defaultConfigurationName = Release;
		};
/* End XCConfigurationList section */
	};
	rootObject = FE829E682CF4D9F5005588D5 /* Project object */;
}
